
Microsoft Visual Studio Solution File, Format Version 12.00
# Visual Studio Version 16
VisualStudioVersion = 16.0.29326.143
MinimumVisualStudioVersion = 10.0.40219.1
Project("{9A19103F-16F7-4668-BE54-9A1E7A4F7556}") = "Game.DataAccess", "Game.DataAccess\Game.DataAccess.csproj", "{E8DB0B76-E939-43A2-86A7-D7520A013364}"
EndProject
Project("{9A19103F-16F7-4668-BE54-9A1E7A4F7556}") = "Game.Domain", "Game.Domain\Game.Domain.csproj", "{C91D54C7-B1D8-4C64-98A7-5528817FED0B}"
EndProject
Project("{9A19103F-16F7-4668-BE54-9A1E7A4F7556}") = "Game.Service", "Game.Service\Game.Service.csproj", "{FBD28C64-6F4E-437E-9CC3-B595F66254E6}"
EndProject
Global
	GlobalSection(SolutionConfigurationPlatforms) = preSolution
		Debug|Any CPU = Debug|Any CPU
		Release|Any CPU = Release|Any CPU
	EndGlobalSection
	GlobalSection(ProjectConfigurationPlatforms) = postSolution
		{E8DB0B76-E939-43A2-86A7-D7520A013364}.Debug|Any CPU.ActiveCfg = Debug|Any CPU
		{E8DB0B76-E939-43A2-86A7-D7520A013364}.Debug|Any CPU.Build.0 = Debug|Any CPU
		{E8DB0B76-E939-43A2-86A7-D7520A013364}.Release|Any CPU.ActiveCfg = Release|Any CPU
		{E8DB0B76-E939-43A2-86A7-D7520A013364}.Release|Any CPU.Build.0 = Release|Any CPU
		{C91D54C7-B1D8-4C64-98A7-5528817FED0B}.Debug|Any CPU.ActiveCfg = Debug|Any CPU
		{C91D54C7-B1D8-4C64-98A7-5528817FED0B}.Debug|Any CPU.Build.0 = Debug|Any CPU
		{C91D54C7-B1D8-4C64-98A7-5528817FED0B}.Release|Any CPU.ActiveCfg = Release|Any CPU
		{C91D54C7-B1D8-4C64-98A7-5528817FED0B}.Release|Any CPU.Build.0 = Release|Any CPU
		{FBD28C64-6F4E-437E-9CC3-B595F66254E6}.Debug|Any CPU.ActiveCfg = Debug|Any CPU
		{FBD28C64-6F4E-437E-9CC3-B595F66254E6}.Debug|Any CPU.Build.0 = Debug|Any CPU
		{FBD28C64-6F4E-437E-9CC3-B595F66254E6}.Release|Any CPU.ActiveCfg = Release|Any CPU
		{FBD28C64-6F4E-437E-9CC3-B595F66254E6}.Release|Any CPU.Build.0 = Release|Any CPU
	EndGlobalSection
	GlobalSection(SolutionProperties) = preSolution
		HideSolutionNode = FALSE
	EndGlobalSection
	GlobalSection(ExtensibilityGlobals) = postSolution
		SolutionGuid = {C2D744B4-E586-4405-9585-E6DDC01B681A}
	EndGlobalSection
EndGlobal
